// !$*UTF8*$!
{
	archiveVersion = 1;
	classes = {
	};
	objectVersion = 46;
	objects = {

/* Begin PBXBuildFile section */
		EDF44505182AB35000C9E564 /* main.cpp in Sources */ = {isa = PBXBuildFile; fileRef = EDF44504182AB35000C9E564 /* main.cpp */; };
		EDF44507182AB35000C9E564 /* Finding_Path_Etas.1 in CopyFiles */ = {isa = PBXBuildFile; fileRef = EDF44506182AB35000C9E564 /* Finding_Path_Etas.1 */; };
/* End PBXBuildFile section */

/* Begin PBXCopyFilesBuildPhase section */
		EDF444FF182AB35000C9E564 /* CopyFiles */ = {
			isa = PBXCopyFilesBuildPhase;
			buildActionMask = 2147483647;
			dstPath = /usr/share/man/man1/;
			dstSubfolderSpec = 0;
			files = (
				EDF44507182AB35000C9E564 /* Finding_Path_Etas.1 in CopyFiles */,
			);
			runOnlyForDeploymentPostprocessing = 1;
		};
/* End PBXCopyFilesBuildPhase section */

/* Begin PBXFileReference section */
		EDF44501182AB35000C9E564 /* Finding Path Etas */ = {isa = PBXFileReference; explicitFileType = "compiled.mach-o.executable"; includeInIndex = 0; path = "Finding Path Etas"; sourceTree = BUILT_PRODUCTS_DIR; };
		EDF44504182AB35000C9E564 /* main.cpp */ = {isa = PBXFileReference; lastKnownFileType = sourcecode.cpp.cpp; path = main.cpp; sourceTree = "<group>"; };
		EDF44506182AB35000C9E564 /* Finding_Path_Etas.1 */ = {isa = PBXFileReference; lastKnownFileType = text.man; path = Finding_Path_Etas.1; sourceTree = "<group>"; };
		EDF4450D182AB36200C9E564 /* PebblingClass.h */ = {isa = PBXFileReference; lastKnownFileType = sourcecode.c.h; name = PebblingClass.h; path = ../PebblingClass.h; sourceTree = "<group>"; };
/* End PBXFileReference section */

/* Begin PBXFrameworksBuildPhase section */
		EDF444FE182AB35000C9E564 /* Frameworks */ = {
			isa = PBXFrameworksBuildPhase;
			buildActionMask = 2147483647;
			files = (
			);
			runOnlyForDeploymentPostprocessing = 0;
		};
/* End PBXFrameworksBuildPhase section */

/* Begin PBXGroup section */
		EDF444F8182AB35000C9E564 = {
			isa = PBXGroup;
			children = (
				EDF44503182AB35000C9E564 /* Finding Path Etas */,
				EDF44502182AB35000C9E564 /* Products */,
			);
			sourceTree = "<group>";
		};
		EDF44502182AB35000C9E564 /* Products */ = {
			isa = PBXGroup;
			children = (
				EDF44501182AB35000C9E564 /* Finding Path Etas */,
			);
			name = Products;
			sourceTree = "<group>";
		};
		EDF44503182AB35000C9E564 /* Finding Path Etas */ = {
			isa = PBXGroup;
			children = (
				EDF44504182AB35000C9E564 /* main.cpp */,
				EDF4450D182AB36200C9E564 /* PebblingClass.h */,
				EDF44506182AB35000C9E564 /* Finding_Path_Etas.1 */,
			);
			path = "Finding Path Etas";
			sourceTree = "<group>";
		};
/* End PBXGroup section */

/* Begin PBXNativeTarget section */
		EDF44500182AB35000C9E564 /* Finding Path Etas */ = {
			isa = PBXNativeTarget;
			buildConfigurationList = EDF4450A182AB35000C9E564 /* Build configuration list for PBXNativeTarget "Finding Path Etas" */;
			buildPhases = (
				EDF444FD182AB35000C9E564 /* Sources */,
				EDF444FE182AB35000C9E564 /* Frameworks */,
				EDF444FF182AB35000C9E564 /* CopyFiles */,
			);
			buildRules = (
			);
			dependencies = (
			);
			name = "Finding Path Etas";
			productName = "Finding Path Etas";
			productReference = EDF44501182AB35000C9E564 /* Finding Path Etas */;
			productType = "com.apple.product-type.tool";
		};
/* End PBXNativeTarget section */

/* Begin PBXProject section */
		EDF444F9182AB35000C9E564 /* Project object */ = {
			isa = PBXProject;
			attributes = {
				LastUpgradeCheck = 0500;
				ORGANIZATIONNAME = "Matt Prudente";
			};
			buildConfigurationList = EDF444FC182AB35000C9E564 /* Build configuration list for PBXProject "Finding Path Etas" */;
			compatibilityVersion = "Xcode 3.2";
			developmentRegion = English;
			hasScannedForEncodings = 0;
			knownRegions = (
				en,
			);
			mainGroup = EDF444F8182AB35000C9E564;
			productRefGroup = EDF44502182AB35000C9E564 /* Products */;
			projectDirPath = "";
			projectRoot = "";
			targets = (
				EDF44500182AB35000C9E564 /* Finding Path Etas */,
			);
		};
/* End PBXProject section */

/* Begin PBXSourcesBuildPhase section */
		EDF444FD182AB35000C9E564 /* Sources */ = {
			isa = PBXSourcesBuildPhase;
			buildActionMask = 2147483647;
			files = (
				EDF44505182AB35000C9E564 /* main.cpp in Sources */,
			);
			runOnlyForDeploymentPostprocessing = 0;
		};
/* End PBXSourcesBuildPhase section */

/* Begin XCBuildConfiguration section */
		EDF44508182AB35000C9E564 /* Debug */ = {
			isa = XCBuildConfiguration;
			buildSettings = {
				ALWAYS_SEARCH_USER_PATHS = NO;
				CLANG_CXX_LANGUAGE_STANDARD = "gnu++0x";
				CLANG_CXX_LIBRARY = "libc++";
				CLANG_ENABLE_OBJC_ARC = YES;
				CLANG_WARN_BOOL_CONVERSION = YES;
				CLANG_WARN_CONSTANT_CONVERSION = YES;
				CLANG_WARN_DIRECT_OBJC_ISA_USAGE = YES_ERROR;
				CLANG_WARN_EMPTY_BODY = YES;
				CLANG_WARN_ENUM_CONVERSION = YES;
				CLANG_WARN_INT_CONVERSION = YES;
				CLANG_WARN_OBJC_ROOT_CLASS = YES_ERROR;
				CLANG_WARN__DUPLICATE_METHOD_MATCH = YES;
				COPY_PHASE_STRIP = NO;
				GCC_C_LANGUAGE_STANDARD = gnu99;
				GCC_DYNAMIC_NO_PIC = NO;
				GCC_ENABLE_OBJC_EXCEPTIONS = YES;
				GCC_OPTIMIZATION_LEVEL = 0;
				GCC_PREPROCESSOR_DEFINITIONS = (
					"DEBUG=1",
					"$(inherited)",
				);
				GCC_SYMBOLS_PRIVATE_EXTERN = NO;
				GCC_WARN_64_TO_32_BIT_CONVERSION = YES;
				GCC_WARN_ABOUT_RETURN_TYPE = YES_ERROR;
				GCC_WARN_UNDECLARED_SELECTOR = YES;
				GCC_WARN_UNINITIALIZED_AUTOS = YES;
				GCC_WARN_UNUSED_FUNCTION = YES;
				GCC_WARN_UNUSED_VARIABLE = YES;
				MACOSX_DEPLOYMENT_TARGET = 10.9;
				ONLY_ACTIVE_ARCH = YES;
				SDKROOT = macosx;
			};
			name = Debug;
		};
		EDF44509182AB35000C9E564 /* Release */ = {
			isa = XCBuildConfiguration;
			buildSettings = {
				ALWAYS_SEARCH_USER_PATHS = NO;
				CLANG_CXX_LANGUAGE_STANDARD = "gnu++0x";
				CLANG_CXX_LIBRARY = "libc++";
				CLANG_ENABLE_OBJC_ARC = YES;
				CLANG_WARN_BOOL_CONVERSION = YES;
				CLANG_WARN_CONSTANT_CONVERSION = YES;
				CLANG_WARN_DIRECT_OBJC_ISA_USAGE = YES_ERROR;
				CLANG_WARN_EMPTY_BODY = YES;
				CLANG_WARN_ENUM_CONVERSION = YES;
				CLANG_WARN_INT_CONVERSION = YES;
				CLANG_WARN_OBJC_ROOT_CLASS = YES_ERROR;
				CLANG_WARN__DUPLICATE_METHOD_MATCH = YES;
				COPY_PHASE_STRIP = YES;
				DEBUG_INFORMATION_FORMAT = "dwarf-with-dsym";
				ENABLE_NS_ASSERTIONS = NO;
				GCC_C_LANGUAGE_STANDARD = gnu99;
				GCC_ENABLE_OBJC_EXCEPTIONS = YES;
				GCC_WARN_64_TO_32_BIT_CONVERSION = YES;
				GCC_WARN_ABOUT_RETURN_TYPE = YES_ERROR;
				GCC_WARN_UNDECLARED_SELECTOR = YES;
				GCC_WARN_UNINITIALIZED_AUTOS = YES;
				GCC_WARN_UNUSED_FUNCTION = YES;
				GCC_WARN_UNUSED_VARIABLE = YES;
				MACOSX_DEPLOYMENT_TARGET = 10.9;
				SDKROOT = macosx;
			};
			name = Release;
		};
		EDF4450B182AB35000C9E564 /* Debug */ = {
			isa = XCBuildConfiguration;
			buildSettings = {
				PRODUCT_NAME = "$(TARGET_NAME)";
			};
			name = Debug;
		};
		EDF4450C182AB35000C9E564 /* Release */ = {
			isa = XCBuildConfiguration;
			buildSettings = {
				PRODUCT_NAME = "$(TARGET_NAME)";
			};
			name = Release;
		};
/* End XCBuildConfiguration section */

/* Begin XCConfigurationList section */
		EDF444FC182AB35000C9E564 /* Build configuration list for PBXProject "Finding Path Etas" */ = {
			isa = XCConfigurationList;
			buildConfigurations = (
				EDF44508182AB35000C9E564 /* Debug */,
				EDF44509182AB35000C9E564 /* Release */,
			);
			defaultConfigurationIsVisible = 0;
			defaultConfigurationName = Release;
		};
		EDF4450A182AB35000C9E564 /* Build configuration list for PBXNativeTarget "Finding Path Etas" */ = {
			isa = XCConfigurationList;
			buildConfigurations = (
				EDF4450B182AB35000C9E564 /* Debug */,
				EDF4450C182AB35000C9E564 /* Release */,
			);
			defaultConfigurationIsVisible = 0;
			defaultConfigurationName = Release;
		};
/* End XCConfigurationList section */
	};
	rootObject = EDF444F9182AB35000C9E564 /* Project object */;
}
